{
  "lockfileVersion": 1,
  "configVersion": 1,
  "workspaces": {
    "": {
      "name": "@rocksky/sdk",
      "dependencies": {
        "@atcute/car": "^6.0.2",
        "@atcute/cbor": "^2.3.6",
        "@atcute/cid": "^2.4.2",
        "@atcute/client": "^5.1.1",
        "@atcute/identity": "^2.0.2",
        "@atcute/identity-resolver": "^2.0.1",
        "@atcute/password-session": "^1.0.2",
        "classic-level": "^3.0.0",
      },
      "devDependencies": {
        "@atcute/atproto": "^4.0.3",
        "@types/bun": "latest",
        "typescript": "^5.6.0",
      },
    },
  },
  "packages": {
    "@atcute/atproto": ["@atcute/atproto@4.0.3", "", { "dependencies": { "@atcute/lexicons": "^2.0.2" } }, "sha512-BNylfO7nK0yYBpSpnGhOYgrJTeZWrXHPrb6tOQmp9A3Am0epctIWm6/5lPC4ZNPHpUbwr5w/LzH/v7kjAoKEDg=="],

    "@atcute/car": ["@atcute/car@6.0.2", "", { "dependencies": { "@atcute/cbor": "^2.3.5", "@atcute/cid": "^2.4.2", "@atcute/uint8array": "^1.1.3", "@atcute/varint": "^2.0.1" } }, "sha512-6AaLjO0zrFD8R/aK7jwrqHEmLzfVilu/5pv4LAcUjxIYfBrw+nThV2FVLPtA4Jt59tIhjp5tQDP+9sx1eqQp+A=="],

    "@atcute/cbor": ["@atcute/cbor@2.3.6", "", { "dependencies": { "@atcute/cid": "^2.4.2", "@atcute/multibase": "^1.2.5", "@atcute/uint8array": "^1.1.5" } }, "sha512-Ml/G8i6KK5UWSx1kxgm41eTYm1EQ6O2fNWSXMJ5DxoQv/lmZ0Hmk7dmHda2seRE+Cj2X3HJKAuD9cQRh3m2P7A=="],

    "@atcute/cid": ["@atcute/cid@2.4.2", "", { "dependencies": { "@atcute/multibase": "^1.2.4", "@atcute/uint8array": "^1.1.3" } }, "sha512-Uy48yfyo/hPQXF+XMXWIGomF6v8IvX5ErjozXMV7rlfU3EV7PSVX3J7plJXV6MRC3iI1z3PgTZTS7V0drCQVVw=="],

    "@atcute/client": ["@atcute/client@5.1.1", "", { "dependencies": { "@atcute/identity": "^2.0.1", "@atcute/lexicons": "^2.0.2" } }, "sha512-cn5/Zi/qo37WtQG6gzIC7JPs0RDzX9Z4eaceX45SpKgLZoc3fCFDJcE7C8xsbxBNfjry2T6PmUxWA8obebZsEQ=="],

    "@atcute/identity": ["@atcute/identity@2.0.2", "", { "dependencies": { "@atcute/lexicons": "^2.0.3", "valibot": "^1.4.2" } }, "sha512-amr/EQceqVtBVmjBK4uUF7nKKYuRttadigpvOcAn4dnO6SNSwSjQi8KDH9LnukEotPsSP4UDsQvNfHWEoUcslw=="],

    "@atcute/identity-resolver": ["@atcute/identity-resolver@2.0.1", "", { "dependencies": { "@atcute/lexicons": "^2.0.2", "@atcute/util-fetch": "^2.0.1", "valibot": "^1.4.1" }, "peerDependencies": { "@atcute/identity": "^2.0.0" } }, "sha512-0enA9w7XnbbqsZ5Rcl6jXLf7ZZuwFQ9dBmxFq3qOxPHLaCETsqsrQflXDPqiM27TnZwYq8sqCV5D1mFOksggDQ=="],

    "@atcute/lexicons": ["@atcute/lexicons@2.0.3", "", { "dependencies": { "@atcute/uint8array": "^1.1.5", "@atcute/util-text": "^1.3.4", "@standard-schema/spec": "^1.1.0", "esm-env": "^1.2.2" } }, "sha512-rs3WqZIQ7lhSYXEvRU/x9rBMY2/fzvrsTgTf2/bgt+MgIQqOKAMySK3TWqfrvesGHDLxFlunHE3uMXeNdEC90Q=="],

    "@atcute/multibase": ["@atcute/multibase@1.2.5", "", { "dependencies": { "@atcute/uint8array": "^1.1.5" } }, "sha512-cReTONgYpQo/VHD3ZmzPNoyBKJgSk1J4h//cvvdVVJBMar+SjlQ/sUXeTjQfuyfmDKv+TLKhmutLcvbMcQ9Rvw=="],

    "@atcute/password-session": ["@atcute/password-session@1.0.2", "", { "dependencies": { "@atcute/client": "^5.1.1", "@atcute/identity": "^2.0.2", "@atcute/lexicons": "^2.0.3" } }, "sha512-BJo9e9AJFiUOmoswTJ3tmH4nv2WiWpzZ4gC89Zhq5Uh52OefZy1r+WTis1xcz1mCdIWEmPoJe76CKgHVGYzhJw=="],

    "@atcute/uint8array": ["@atcute/uint8array@1.1.5", "", {}, "sha512-1SFCXOtjE3ismP92CqzbOfYSwJmPPPFbj798wLXSpLv2hSd5OIaUrTh6EqRVR1VZ3ZhR+vaBmd3kxAN0wkw+gQ=="],

    "@atcute/util-fetch": ["@atcute/util-fetch@2.0.2", "", { "dependencies": { "valibot": "^1.4.2" } }, "sha512-I0oenHlJjwRpWPyAJojox5H0z9NthhdMFaEjtkxyjo85VPPxk1vMJk/1ZjMJsrs1SgHhB3spazEWzV5DW8w70A=="],

    "@atcute/util-text": ["@atcute/util-text@1.3.4", "", { "dependencies": { "unicode-segmenter": "^0.17.0" } }, "sha512-u2UAM7iSM09sQaSG9jtxWFSPgB8boVj50/BoyMvYnhVgGBu+nXIuAcdDUQCsZA44YZgTPPhN/b86JX+jH7SPzQ=="],

    "@atcute/varint": ["@atcute/varint@2.0.2", "", {}, "sha512-/+hS1juMgnmf6eL6lICUkTw7wcGTo3I+Q0L1PI521mUz77rGSC6nXAUNKtvm2wYJpuWdEGq+GILGoYkOArn0TQ=="],

    "@standard-schema/spec": ["@standard-schema/spec@1.1.0", "", {}, "sha512-l2aFy5jALhniG5HgqrD6jXLi/rUWrKvqN/qJx6yoJsgKhblVd+iqqU4RCXavm/jPityDo5TCvKMnpjKnOriy0w=="],

    "@types/bun": ["@types/bun@1.3.14", "", { "dependencies": { "bun-types": "1.3.14" } }, "sha512-h1hFqFVcvAvD9j9K7ZW7vd82aSA+rTdznZa+5bwvCwqSB1jmmfLcbIWhOLx1/+boy/xmjgCs/OMUL8hRJSmnPw=="],

    "@types/node": ["@types/node@25.9.1", "", { "dependencies": { "undici-types": ">=7.24.0 <7.24.7" } }, "sha512-xfrlY7UD5rMJk3ZVJP8BNzS28J36YJg+xp+LPXV1TdWxr8uMH5A860QNxYDGQe/ylDSgjxE52Q9VnO7p75tJxg=="],

    "abstract-level": ["abstract-level@3.1.1", "", { "dependencies": { "buffer": "^6.0.3", "is-buffer": "^2.0.5", "level-supports": "^6.2.0", "level-transcoder": "^1.0.1", "maybe-combine-errors": "^1.0.0", "module-error": "^1.0.1" } }, "sha512-CW2gKbJFTuX1feMvOrvsVMmijAOgI9kg2Ie9Dq3gOcMt/dVVoVmqNlLcEUCT13NxHFMEajcUcVBIplbyDroDiw=="],

    "base64-js": ["base64-js@1.5.1", "", {}, "sha512-AKpaYlHn8t4SVbOHCy+b5+KKgvR4vrsD8vbvrbiQJps7fKDTkjkDry6ji0rUJjC0kzbNePLwzxq8iypo41qeWA=="],

    "buffer": ["buffer@6.0.3", "", { "dependencies": { "base64-js": "^1.3.1", "ieee754": "^1.2.1" } }, "sha512-FTiCpNxtwiZZHEZbcbTIcZjERVICn9yq/pDFkTl95/AxzD1naBctN7YO68riM/gLSDY7sdrMby8hofADYuuqOA=="],

    "bun-types": ["bun-types@1.3.14", "", { "dependencies": { "@types/node": "*" } }, "sha512-4N0ig0fEomHt5R0KCFWjovxow98rIoRwKolrYdCcknNwMekCXRnWEUvgu5soYV8QXtVsrUD8B95MBOZGPvr6KQ=="],

    "classic-level": ["classic-level@3.0.0", "", { "dependencies": { "abstract-level": "^3.1.0", "module-error": "^1.0.1", "napi-macros": "^2.2.2", "node-gyp-build": "^4.3.0" } }, "sha512-yGy8j8LjPbN0Bh3+ygmyYvrmskVita92pD/zCoalfcC9XxZj6iDtZTAnz+ot7GG8p9KLTG+MZ84tSA4AhkgVZQ=="],

    "esm-env": ["esm-env@1.2.2", "", {}, "sha512-Epxrv+Nr/CaL4ZcFGPJIYLWFom+YeV1DqMLHJoEd9SYRxNbaFruBwfEX/kkHUJf55j2+TUbmDcmuilbP1TmXHA=="],

    "ieee754": ["ieee754@1.2.1", "", {}, "sha512-dcyqhDvX1C46lXZcVqCpK+FtMRQVdIMN6/Df5js2zouUsqG7I6sFxitIC+7KYK29KdXOLHdu9zL4sFnoVQnqaA=="],

    "is-buffer": ["is-buffer@2.0.5", "", {}, "sha512-i2R6zNFDwgEHJyQUtJEk0XFi1i0dPFn/oqjK3/vPCcDeJvW5NQ83V8QbicfF1SupOaB0h8ntgBC2YiE7dfyctQ=="],

    "level-supports": ["level-supports@6.2.0", "", {}, "sha512-QNxVXP0IRnBmMsJIh+sb2kwNCYcKciQZJEt+L1hPCHrKNELllXhvrlClVHXBYZVT+a7aTSM6StgNXdAldoab3w=="],

    "level-transcoder": ["level-transcoder@1.0.1", "", { "dependencies": { "buffer": "^6.0.3", "module-error": "^1.0.1" } }, "sha512-t7bFwFtsQeD8cl8NIoQ2iwxA0CL/9IFw7/9gAjOonH0PWTTiRfY7Hq+Ejbsxh86tXobDQ6IOiddjNYIfOBs06w=="],

    "maybe-combine-errors": ["maybe-combine-errors@1.0.0", "", {}, "sha512-eefp6IduNPT6fVdwPp+1NgD0PML1NU5P6j1Mj5nz1nidX8/sWY7119WL8vTAHgqfsY74TzW0w1XPgdYEKkGZ5A=="],

    "module-error": ["module-error@1.0.2", "", {}, "sha512-0yuvsqSCv8LbaOKhnsQ/T5JhyFlCYLPXK3U2sgV10zoKQwzs/MyfuQUOZQ1V/6OCOJsK/TRgNVrPuPDqtdMFtA=="],

    "napi-macros": ["napi-macros@2.2.2", "", {}, "sha512-hmEVtAGYzVQpCKdbQea4skABsdXW4RUh5t5mJ2zzqowJS2OyXZTU1KhDVFhx+NlWZ4ap9mqR9TcDO3LTTttd+g=="],

    "node-gyp-build": ["node-gyp-build@4.8.4", "", { "bin": { "node-gyp-build": "bin.js", "node-gyp-build-optional": "optional.js", "node-gyp-build-test": "build-test.js" } }, "sha512-LA4ZjwlnUblHVgq0oBF3Jl/6h/Nvs5fzBLwdEF4nuxnFdsfajde4WfxtJr3CaiH+F6ewcIB/q4jQ4UzPyid+CQ=="],

    "typescript": ["typescript@5.9.3", "", { "bin": { "tsc": "bin/tsc", "tsserver": "bin/tsserver" } }, "sha512-jl1vZzPDinLr9eUt3J/t7V6FgNEw9QjvBPdysz9KfQDD41fQrC2Y4vKQdiaUpFT4bXlb1RHhLpp8wtm6M5TgSw=="],

    "undici-types": ["undici-types@7.24.6", "", {}, "sha512-WRNW+sJgj5OBN4/0JpHFqtqzhpbnV0GuB+OozA9gCL7a993SmU+1JBZCzLNxYsbMfIeDL+lTsphD5jN5N+n0zg=="],

    "unicode-segmenter": ["unicode-segmenter@0.17.0", "", {}, "sha512-rN+u/LmZx2SISURhq2vy+JeQmmf+9lFVsdVgvFJHa6wL42h3ojnYaS/UK4Fgsjku9C2P23WB/JK5sQWeBaZt+A=="],

    "valibot": ["valibot@1.4.2", "", { "peerDependencies": { "typescript": ">=5" }, "optionalPeers": ["typescript"] }, "sha512-gjdCvJ6d3RyHAneqxMYMW9QMCwYMb3jpOO0IyHZV1bnRHFBHrX3VkIILt5XYR0WhwHiH7Mty8ovuPZ/O3gamrg=="],
  }
}
